
Microsoft Visual Studio Solution File, Format Version 12.00
# Visual Studio 15
Project("{FAE04EC0-301F-11D3-BF4B-00C04F79EFBC}") = "MancFugTDD", "MancFugTDD\MancFugTDD.csproj", "{00CB43CC-0108-4627-B5C6-9F5FCF9CA438}"
EndProject
Project("{2150E333-8FDC-42A3-9474-1A3956D46DE8}") = "Solution Items", "Solution Items", "{A320E59A-BC0D-4D98-9876-FF4DFF44A303}"
	ProjectSection(SolutionItems) = preProject
		.gitignore = .gitignore
		README.md = README.md
		LICENSE = LICENSE
	EndProjectSection
EndProject
Project("{f2a71f9b-5d33-465a-a702-920d77279786}") = "MancFugTDD.Domain", "MancFugTDD.Domain\MancFugTDD.Domain.fsproj", "{9CDF6A77-103A-42B9-A992-37C3E9AA656A}"
EndProject
Global
	GlobalSection(SolutionConfigurationPlatforms) = preSolution
		Debug|Any CPU = Debug|Any CPU
		Release|Any CPU = Release|Any CPU
	EndGlobalSection
	GlobalSection(ProjectConfigurationPlatforms) = postSolution
		{00CB43CC-0108-4627-B5C6-9F5FCF9CA438}.Debug|Any CPU.ActiveCfg = Debug|Any CPU
		{00CB43CC-0108-4627-B5C6-9F5FCF9CA438}.Debug|Any CPU.Build.0 = Debug|Any CPU
		{00CB43CC-0108-4627-B5C6-9F5FCF9CA438}.Release|Any CPU.ActiveCfg = Release|Any CPU
		{00CB43CC-0108-4627-B5C6-9F5FCF9CA438}.Release|Any CPU.Build.0 = Release|Any CPU
		{9CDF6A77-103A-42B9-A992-37C3E9AA656A}.Debug|Any CPU.ActiveCfg = Debug|Any CPU
		{9CDF6A77-103A-42B9-A992-37C3E9AA656A}.Debug|Any CPU.Build.0 = Debug|Any CPU
		{9CDF6A77-103A-42B9-A992-37C3E9AA656A}.Release|Any CPU.ActiveCfg = Release|Any CPU
		{9CDF6A77-103A-42B9-A992-37C3E9AA656A}.Release|Any CPU.Build.0 = Release|Any CPU
	EndGlobalSection
EndGlobal
